
Microsoft Visual Studio Solution File, Format Version 12.00
# Visual Studio Version 17
VisualStudioVersion = 17.2.32526.322
MinimumVisualStudioVersion = 10.0.40219.1
Project("{FAE04EC0-301F-11D3-BF4B-00C04F79EFBC}") = "CQRSWithMediator", "CQRSWithMediator.csproj", "{4E060175-3C5E-494A-899F-E97FB9F027BC}"
EndProject
Global
	GlobalSection(SolutionConfigurationPlatforms) = preSolution
		Debug|Any CPU = Debug|Any CPU
		Release|Any CPU = Release|Any CPU
	EndGlobalSection
	GlobalSection(ProjectConfigurationPlatforms) = postSolution
		{4E060175-3C5E-494A-899F-E97FB9F027BC}.Debug|Any CPU.ActiveCfg = Debug|Any CPU
		{4E060175-3C5E-494A-899F-E97FB9F027BC}.Debug|Any CPU.Build.0 = Debug|Any CPU
		{4E060175-3C5E-494A-899F-E97FB9F027BC}.Release|Any CPU.ActiveCfg = Release|Any CPU
		{4E060175-3C5E-494A-899F-E97FB9F027BC}.Release|Any CPU.Build.0 = Release|Any CPU
	EndGlobalSection
	GlobalSection(SolutionProperties) = preSolution
		HideSolutionNode = FALSE
	EndGlobalSection
	GlobalSection(ExtensibilityGlobals) = postSolution
		SolutionGuid = {9780A485-FA53-416E-AA7A-05B2B895371F}
	EndGlobalSection
EndGlobal
